
Microsoft Visual Studio Solution File, Format Version 12.00
# Visual Studio Version 16
VisualStudioVersion = 16.0.29613.14
MinimumVisualStudioVersion = 10.0.40219.1
Project("{8BC9CEB8-8B4A-11D0-8D11-00A0C91BC942}") = "magikoopa", "magikoopa\magikoopa.vcxproj", "{AE6E1324-2503-4293-8E7A-75E279217F48}"
EndProject
Project("{8BC9CEB8-8B4A-11D0-8D11-00A0C91BC942}") = "Testing", "Testing\Testing\Testing.vcxproj", "{F551D502-F3E3-4075-9CB7-4F9A05736C5F}"
EndProject
Global
	GlobalSection(SolutionConfigurationPlatforms) = preSolution
		Debug|x86 = Debug|x86
		Release|x86 = Release|x86
	EndGlobalSection
	GlobalSection(ProjectConfigurationPlatforms) = postSolution
		{AE6E1324-2503-4293-8E7A-75E279217F48}.Debug|x86.ActiveCfg = Debug|Win32
		{AE6E1324-2503-4293-8E7A-75E279217F48}.Debug|x86.Build.0 = Debug|Win32
		{AE6E1324-2503-4293-8E7A-75E279217F48}.Release|x86.ActiveCfg = Release|Win32
		{AE6E1324-2503-4293-8E7A-75E279217F48}.Release|x86.Build.0 = Release|Win32
		{F551D502-F3E3-4075-9CB7-4F9A05736C5F}.Debug|x86.ActiveCfg = Debug|Win32
		{F551D502-F3E3-4075-9CB7-4F9A05736C5F}.Debug|x86.Build.0 = Debug|Win32
		{F551D502-F3E3-4075-9CB7-4F9A05736C5F}.Release|x86.ActiveCfg = Release|Win32
		{F551D502-F3E3-4075-9CB7-4F9A05736C5F}.Release|x86.Build.0 = Release|Win32
	EndGlobalSection
	GlobalSection(SolutionProperties) = preSolution
		HideSolutionNode = FALSE
	EndGlobalSection
	GlobalSection(ExtensibilityGlobals) = postSolution
		SolutionGuid = {EFAD9815-00A4-43BA-BCFF-D15B96ABDEB8}
	EndGlobalSection
EndGlobal
